# This file is automatically @generated by Cargo.
# It is not intended for manual editing.
version = 4

[[package]]
name = "adc"
version = "0.1.0"
dependencies = [
 "safe-mmio",
 "small_os_lib",
]

[[package]]
name = "camera"
version = "0.1.0"
dependencies = [
 "small_os_lib",
]

[[package]]
name = "cc"
version = "1.2.60"
source = "registry+https://github.com/rust-lang/crates.io-index"
checksum = "43c5703da9466b66a946814e1adf53ea2c90f10063b86290cc9eb67ce3478a20"
dependencies = [
 "find-msvc-tools",
 "shlex",
]

[[package]]
name = "crc-any"
version = "2.5.0"
source = "registry+https://github.com/rust-lang/crates.io-index"
checksum = "a62ec9ff5f7965e4d7280bd5482acd20aadb50d632cf6c1d74493856b011fa73"
dependencies = [
 "debug-helper",
]

[[package]]
name = "crc32"
version = "0.1.0"
source = "git+ssh://git@github.com/F-gigabyte/crc32.git#7522524417ae2b9b7770b955ecc32383bca5d081"

[[package]]
name = "debug-helper"
version = "0.3.13"
source = "registry+https://github.com/rust-lang/crates.io-index"
checksum = "f578e8e2c440e7297e008bb5486a3a8a194775224bbc23729b0dbdfaeebf162e"

[[package]]
name = "example_program"
version = "0.1.0"
dependencies = [
 "small_os_lib",
]

[[package]]
name = "find-msvc-tools"
version = "0.1.9"
source = "registry+https://github.com/rust-lang/crates.io-index"
checksum = "5baebc0774151f905a1a2cc41989300b1e6fbb29aff0ceffa1064fdd3088d582"

[[package]]
name = "hamming"
version = "0.1.0"
source = "git+ssh://git@github.com/F-gigabyte/hamming.git#5c5e65b0290c7ae76181e205495b72ae0012d98d"
dependencies = [
 "crc32",
]

[[package]]
name = "i2c"
version = "0.1.0"
dependencies = [
 "safe-mmio",
 "small_os_lib",
]

[[package]]
name = "io_bank0"
version = "0.1.0"
dependencies = [
 "safe-mmio",
 "small_os_lib",
]

[[package]]
name = "kermit"
version = "0.1.0"
dependencies = [
 "small_os_lib",
]

[[package]]
name = "kernel"
version = "0.1.0"
dependencies = [
 "cc",
 "crc32",
 "hamming",
 "rp2040-boot2",
 "safe-mmio",
]

[[package]]
name = "pads_bank0"
version = "0.1.0"
dependencies = [
 "safe-mmio",
 "small_os_lib",
]

[[package]]
name = "proc-macro2"
version = "1.0.106"
source = "registry+https://github.com/rust-lang/crates.io-index"
checksum = "8fd00f0bb2e90d81d1044c2b32617f68fcb9fa3bb7640c23e9c748e53fb30934"
dependencies = [
 "unicode-ident",
]

[[package]]
name = "quote"
version = "1.0.45"
source = "registry+https://github.com/rust-lang/crates.io-index"
checksum = "41f2619966050689382d2b44f664f4bc593e129785a36d6ee376ddf37259b924"
dependencies = [
 "proc-macro2",
]

[[package]]
name = "reset"
version = "0.1.0"
dependencies = [
 "safe-mmio",
 "small_os_lib",
]

[[package]]
name = "rp2040-boot2"
version = "0.3.0"
source = "registry+https://github.com/rust-lang/crates.io-index"
checksum = "7c92f344f63f950ee36cf4080050e4dce850839b9175da38f9d2ffb69b4dbb21"
dependencies = [
 "crc-any",
]

[[package]]
name = "safe-mmio"
version = "0.3.0"
source = "registry+https://github.com/rust-lang/crates.io-index"
checksum = "4813ee49326057f105d6d8ca3d8f9265095f26aa7b42094e487028403a594f4c"
dependencies = [
 "zerocopy",
]

[[package]]
name = "shlex"
version = "1.3.0"
source = "registry+https://github.com/rust-lang/crates.io-index"
checksum = "0fda2ff0d084019ba4d7c6f371c95d8fd75ce3524c3cb8fb653a3023f6323e64"

[[package]]
name = "sio"
version = "0.1.0"
dependencies = [
 "safe-mmio",
 "small_os_lib",
]

[[package]]
name = "small_os_lib"
version = "0.1.0"
dependencies = [
 "cc",
]

[[package]]
name = "spi"
version = "0.1.0"
dependencies = [
 "safe-mmio",
 "small_os_lib",
]

[[package]]
name = "syn"
version = "2.0.117"
source = "registry+https://github.com/rust-lang/crates.io-index"
checksum = "e665b8803e7b1d2a727f4023456bbbbe74da67099c585258af0ad9c5013b9b99"
dependencies = [
 "proc-macro2",
 "quote",
 "unicode-ident",
]

[[package]]
name = "test_a"
version = "0.1.0"
dependencies = [
 "small_os_lib",
]

[[package]]
name = "test_b"
version = "0.1.0"
dependencies = [
 "small_os_lib",
]

[[package]]
name = "tester"
version = "0.1.0"
dependencies = [
 "small_os_lib",
]

[[package]]
name = "timer"
version = "0.1.0"
dependencies = [
 "safe-mmio",
 "small_os_lib",
]

[[package]]
name = "uart"
version = "0.1.0"
dependencies = [
 "safe-mmio",
 "small_os_lib",
]

[[package]]
name = "unicode-ident"
version = "1.0.24"
source = "registry+https://github.com/rust-lang/crates.io-index"
checksum = "e6e4313cd5fcd3dad5cafa179702e2b244f760991f45397d14d4ebf38247da75"

[[package]]
name = "zerocopy"
version = "0.8.48"
source = "registry+https://github.com/rust-lang/crates.io-index"
checksum = "eed437bf9d6692032087e337407a86f04cd8d6a16a37199ed57949d415bd68e9"
dependencies = [
 "zerocopy-derive",
]

[[package]]
name = "zerocopy-derive"
version = "0.8.48"
source = "registry+https://github.com/rust-lang/crates.io-index"
checksum = "70e3cd084b1788766f53af483dd21f93881ff30d7320490ec3ef7526d203bad4"
dependencies = [
 "proc-macro2",
 "quote",
 "syn",
]
