# This file is automatically @generated by Cargo.
# It is not intended for manual editing.
version = 4

[[package]]
name = "adc"
version = "0.1.0"
dependencies = [
 "safe-mmio",
 "small_os_lib",
]

[[package]]
name = "camera"
version = "0.1.0"
dependencies = [
 "small_os_lib",
]

[[package]]
name = "cc"
version = "1.2.59"
source = "registry+https://github.com/rust-lang/crates.io-index"
checksum = "b7a4d3ec6524d28a329fc53654bbadc9bdd7b0431f5d65f1a56ffb28a1ee5283"
dependencies = [
 "find-msvc-tools",
 "shlex",
]

[[package]]
name = "crc-any"
version = "2.5.0"
source = "registry+https://github.com/rust-lang/crates.io-index"
checksum = "a62ec9ff5f7965e4d7280bd5482acd20aadb50d632cf6c1d74493856b011fa73"
dependencies = [
 "debug-helper",
]

[[package]]
name = "crc32"
version = "0.1.0"
source = "git+ssh://git@github.com/F-gigabyte/crc32.git#89b2920c01d8d5e597fd0f3bb0207ff294811d50"

[[package]]
name = "debug-helper"
version = "0.3.13"
source = "registry+https://github.com/rust-lang/crates.io-index"
checksum = "f578e8e2c440e7297e008bb5486a3a8a194775224bbc23729b0dbdfaeebf162e"

[[package]]
name = "example_program"
version = "0.1.0"
dependencies = [
 "small_os_lib",
]

[[package]]
name = "find-msvc-tools"
version = "0.1.9"
source = "registry+https://github.com/rust-lang/crates.io-index"
checksum = "5baebc0774151f905a1a2cc41989300b1e6fbb29aff0ceffa1064fdd3088d582"

[[package]]
name = "hamming"
version = "0.1.0"
source = "git+ssh://git@github.com/F-gigabyte/hamming.git#b976187296bb0d06a37dabcace0b2cd133b31d86"
dependencies = [
 "crc32",
]

[[package]]
name = "i2c"
version = "0.1.0"
dependencies = [
 "safe-mmio",
 "small_os_lib",
]

[[package]]
name = "io_bank0"
version = "0.1.0"
dependencies = [
 "safe-mmio",
 "small_os_lib",
]

[[package]]
name = "kermit"
version = "0.1.0"
dependencies = [
 "small_os_lib",
]

[[package]]
name = "kernel"
version = "0.1.0"
dependencies = [
 "cc",
 "crc32",
 "hamming",
 "rp2040-boot2",
 "safe-mmio",
]

[[package]]
name = "pads_bank0"
version = "0.1.0"
dependencies = [
 "safe-mmio",
 "small_os_lib",
]

[[package]]
name = "proc-macro2"
version = "1.0.106"
source = "registry+https://github.com/rust-lang/crates.io-index"
checksum = "8fd00f0bb2e90d81d1044c2b32617f68fcb9fa3bb7640c23e9c748e53fb30934"
dependencies = [
 "unicode-ident",
]

[[package]]
name = "quote"
version = "1.0.45"
source = "registry+https://github.com/rust-lang/crates.io-index"
checksum = "41f2619966050689382d2b44f664f4bc593e129785a36d6ee376ddf37259b924"
dependencies = [
 "proc-macro2",
]

[[package]]
name = "reset"
version = "0.1.0"
dependencies = [
 "safe-mmio",
 "small_os_lib",
]

[[package]]
name = "rp2040-boot2"
version = "0.3.0"
source = "registry+https://github.com/rust-lang/crates.io-index"
checksum = "7c92f344f63f950ee36cf4080050e4dce850839b9175da38f9d2ffb69b4dbb21"
dependencies = [
 "crc-any",
]

[[package]]
name = "safe-mmio"
version = "0.3.0"
source = "registry+https://github.com/rust-lang/crates.io-index"
checksum = "4813ee49326057f105d6d8ca3d8f9265095f26aa7b42094e487028403a594f4c"
dependencies = [
 "zerocopy",
]

[[package]]
name = "shlex"
version = "1.3.0"
source = "registry+https://github.com/rust-lang/crates.io-index"
checksum = "0fda2ff0d084019ba4d7c6f371c95d8fd75ce3524c3cb8fb653a3023f6323e64"

[[package]]
name = "sio"
version = "0.1.0"
dependencies = [
 "safe-mmio",
 "small_os_lib",
]

[[package]]
name = "small_os_lib"
version = "0.1.0"
dependencies = [
 "cc",
]

[[package]]
name = "spi"
version = "0.1.0"
dependencies = [
 "safe-mmio",
 "small_os_lib",
]

[[package]]
name = "syn"
version = "2.0.117"
source = "registry+https://github.com/rust-lang/crates.io-index"
checksum = "e665b8803e7b1d2a727f4023456bbbbe74da67099c585258af0ad9c5013b9b99"
dependencies = [
 "proc-macro2",
 "quote",
 "unicode-ident",
]

[[package]]
name = "test_a"
version = "0.1.0"
dependencies = [
 "small_os_lib",
]

[[package]]
name = "test_b"
version = "0.1.0"
dependencies = [
 "small_os_lib",
]

[[package]]
name = "tester"
version = "0.1.0"
dependencies = [
 "small_os_lib",
]

[[package]]
name = "timer"
version = "0.1.0"
dependencies = [
 "safe-mmio",
 "small_os_lib",
]

[[package]]
name = "uart"
version = "0.1.0"
dependencies = [
 "safe-mmio",
 "small_os_lib",
]

[[package]]
name = "unicode-ident"
version = "1.0.24"
source = "registry+https://github.com/rust-lang/crates.io-index"
checksum = "e6e4313cd5fcd3dad5cafa179702e2b244f760991f45397d14d4ebf38247da75"

[[package]]
name = "zerocopy"
version = "0.8.47"
source = "registry+https://github.com/rust-lang/crates.io-index"
checksum = "efbb2a062be311f2ba113ce66f697a4dc589f85e78a4aea276200804cea0ed87"
dependencies = [
 "zerocopy-derive",
]

[[package]]
name = "zerocopy-derive"
version = "0.8.47"
source = "registry+https://github.com/rust-lang/crates.io-index"
checksum = "0e8bc7269b54418e7aeeef514aa68f8690b8c0489a06b0136e5f57c4c5ccab89"
dependencies = [
 "proc-macro2",
 "quote",
 "syn",
]
